github.com/grafov/m3u8 v0.11.1 h1:igZ7EBIB2IAsPPazKwRKdbhxcoBKO3lO1UY57PZDeNA=
github.com/grafov/m3u8 v0.11.1/go.mod h1:nqzOkfBiZJENr52zTVd/Dcl03yzphIMbJqkXGu+u080=
github.com/yyoshiki41/go-radiko v0.9.0 h1:II7sdqRaYVzicljQ9Lo0fJuJJmw8VAdf85Hjkbb2ANY=
github.com/yyoshiki41/go-radiko v0.9.0/go.mod h1:K7P1zWQLSdx3Gz0B0zrKC1ncjk/dEvXpv3aTHF+AbPA=
golang.org/x/net v0.0.0-20210614182718-04defd469f4e h1:XpT3nA5TvE525Ne3hInMh6+GETgn27Zfm9dxsThnX2Q=
golang.org/x/net v0.0.0-20210614182718-04defd469f4e/go.mod h1:9nx3DQGgdP8bBQD5qxJ1jj9UTztislL4KSBs9R2vV5Y=
